
Microsoft Visual Studio Solution File, Format Version 12.00
# Visual Studio Version 17
VisualStudioVersion = 17.10.34916.146
MinimumVisualStudioVersion = 10.0.40219.1
Project("{8BC9CEB8-8B4A-11D0-8D11-00A0C91BC942}") = "연습1", "Project1\Project1.vcxproj", "{FB4EC1AB-5B1E-431A-8F5F-3F5EDBCD678E}"
EndProject
Project("{8BC9CEB8-8B4A-11D0-8D11-00A0C91BC942}") = "연습2", "연습2\연습2.vcxproj", "{E2025A9E-D79F-4A20-955A-2910376D43D4}"
EndProject
Project("{8BC9CEB8-8B4A-11D0-8D11-00A0C91BC942}") = "연습3", "연습3\연습3.vcxproj", "{9D6A083B-B7D3-4A1B-B95E-FD4112AAF787}"
EndProject
Project("{8BC9CEB8-8B4A-11D0-8D11-00A0C91BC942}") = "연습4", "연습4\연습4.vcxproj", "{48481BB7-FB26-4503-A94A-C5BD83C26823}"
EndProject
Project("{8BC9CEB8-8B4A-11D0-8D11-00A0C91BC942}") = "연습5", "연습5\연습5.vcxproj", "{EBC1C26C-65B7-4CDA-9348-5B9DB3B02522}"
EndProject
Project("{8BC9CEB8-8B4A-11D0-8D11-00A0C91BC942}") = "연습6", "연습6\연습6.vcxproj", "{00D1C39F-72D0-4BBB-B183-66BD05065F70}"
EndProject
Project("{8BC9CEB8-8B4A-11D0-8D11-00A0C91BC942}") = "연습7", "연습7\연습7.vcxproj", "{7B0932FE-8B22-4252-9B7C-3AD34FC6AF74}"
EndProject
Global
	GlobalSection(SolutionConfigurationPlatforms) = preSolution
		Debug|x64 = Debug|x64
		Debug|x86 = Debug|x86
		Release|x64 = Release|x64
		Release|x86 = Release|x86
	EndGlobalSection
	GlobalSection(ProjectConfigurationPlatforms) = postSolution
		{FB4EC1AB-5B1E-431A-8F5F-3F5EDBCD678E}.Debug|x64.ActiveCfg = Debug|x64
		{FB4EC1AB-5B1E-431A-8F5F-3F5EDBCD678E}.Debug|x64.Build.0 = Debug|x64
		{FB4EC1AB-5B1E-431A-8F5F-3F5EDBCD678E}.Debug|x86.ActiveCfg = Debug|Win32
		{FB4EC1AB-5B1E-431A-8F5F-3F5EDBCD678E}.Debug|x86.Build.0 = Debug|Win32
		{FB4EC1AB-5B1E-431A-8F5F-3F5EDBCD678E}.Release|x64.ActiveCfg = Release|x64
		{FB4EC1AB-5B1E-431A-8F5F-3F5EDBCD678E}.Release|x64.Build.0 = Release|x64
		{FB4EC1AB-5B1E-431A-8F5F-3F5EDBCD678E}.Release|x86.ActiveCfg = Release|Win32
		{FB4EC1AB-5B1E-431A-8F5F-3F5EDBCD678E}.Release|x86.Build.0 = Release|Win32
		{E2025A9E-D79F-4A20-955A-2910376D43D4}.Debug|x64.ActiveCfg = Debug|x64
		{E2025A9E-D79F-4A20-955A-2910376D43D4}.Debug|x64.Build.0 = Debug|x64
		{E2025A9E-D79F-4A20-955A-2910376D43D4}.Debug|x86.ActiveCfg = Debug|Win32
		{E2025A9E-D79F-4A20-955A-2910376D43D4}.Debug|x86.Build.0 = Debug|Win32
		{E2025A9E-D79F-4A20-955A-2910376D43D4}.Release|x64.ActiveCfg = Release|x64
		{E2025A9E-D79F-4A20-955A-2910376D43D4}.Release|x64.Build.0 = Release|x64
		{E2025A9E-D79F-4A20-955A-2910376D43D4}.Release|x86.ActiveCfg = Release|Win32
		{E2025A9E-D79F-4A20-955A-2910376D43D4}.Release|x86.Build.0 = Release|Win32
		{9D6A083B-B7D3-4A1B-B95E-FD4112AAF787}.Debug|x64.ActiveCfg = Debug|x64
		{9D6A083B-B7D3-4A1B-B95E-FD4112AAF787}.Debug|x64.Build.0 = Debug|x64
		{9D6A083B-B7D3-4A1B-B95E-FD4112AAF787}.Debug|x86.ActiveCfg = Debug|Win32
		{9D6A083B-B7D3-4A1B-B95E-FD4112AAF787}.Debug|x86.Build.0 = Debug|Win32
		{9D6A083B-B7D3-4A1B-B95E-FD4112AAF787}.Release|x64.ActiveCfg = Release|x64
		{9D6A083B-B7D3-4A1B-B95E-FD4112AAF787}.Release|x64.Build.0 = Release|x64
		{9D6A083B-B7D3-4A1B-B95E-FD4112AAF787}.Release|x86.ActiveCfg = Release|Win32
		{9D6A083B-B7D3-4A1B-B95E-FD4112AAF787}.Release|x86.Build.0 = Release|Win32
		{48481BB7-FB26-4503-A94A-C5BD83C26823}.Debug|x64.ActiveCfg = Debug|x64
		{48481BB7-FB26-4503-A94A-C5BD83C26823}.Debug|x64.Build.0 = Debug|x64
		{48481BB7-FB26-4503-A94A-C5BD83C26823}.Debug|x86.ActiveCfg = Debug|Win32
		{48481BB7-FB26-4503-A94A-C5BD83C26823}.Debug|x86.Build.0 = Debug|Win32
		{48481BB7-FB26-4503-A94A-C5BD83C26823}.Release|x64.ActiveCfg = Release|x64
		{48481BB7-FB26-4503-A94A-C5BD83C26823}.Release|x64.Build.0 = Release|x64
		{48481BB7-FB26-4503-A94A-C5BD83C26823}.Release|x86.ActiveCfg = Release|Win32
		{48481BB7-FB26-4503-A94A-C5BD83C26823}.Release|x86.Build.0 = Release|Win32
		{EBC1C26C-65B7-4CDA-9348-5B9DB3B02522}.Debug|x64.ActiveCfg = Debug|x64
		{EBC1C26C-65B7-4CDA-9348-5B9DB3B02522}.Debug|x64.Build.0 = Debug|x64
		{EBC1C26C-65B7-4CDA-9348-5B9DB3B02522}.Debug|x86.ActiveCfg = Debug|Win32
		{EBC1C26C-65B7-4CDA-9348-5B9DB3B02522}.Debug|x86.Build.0 = Debug|Win32
		{EBC1C26C-65B7-4CDA-9348-5B9DB3B02522}.Release|x64.ActiveCfg = Release|x64
		{EBC1C26C-65B7-4CDA-9348-5B9DB3B02522}.Release|x64.Build.0 = Release|x64
		{EBC1C26C-65B7-4CDA-9348-5B9DB3B02522}.Release|x86.ActiveCfg = Release|Win32
		{EBC1C26C-65B7-4CDA-9348-5B9DB3B02522}.Release|x86.Build.0 = Release|Win32
		{00D1C39F-72D0-4BBB-B183-66BD05065F70}.Debug|x64.ActiveCfg = Debug|x64
		{00D1C39F-72D0-4BBB-B183-66BD05065F70}.Debug|x64.Build.0 = Debug|x64
		{00D1C39F-72D0-4BBB-B183-66BD05065F70}.Debug|x86.ActiveCfg = Debug|Win32
		{00D1C39F-72D0-4BBB-B183-66BD05065F70}.Debug|x86.Build.0 = Debug|Win32
		{00D1C39F-72D0-4BBB-B183-66BD05065F70}.Release|x64.ActiveCfg = Release|x64
		{00D1C39F-72D0-4BBB-B183-66BD05065F70}.Release|x64.Build.0 = Release|x64
		{00D1C39F-72D0-4BBB-B183-66BD05065F70}.Release|x86.ActiveCfg = Release|Win32
		{00D1C39F-72D0-4BBB-B183-66BD05065F70}.Release|x86.Build.0 = Release|Win32
		{7B0932FE-8B22-4252-9B7C-3AD34FC6AF74}.Debug|x64.ActiveCfg = Debug|x64
		{7B0932FE-8B22-4252-9B7C-3AD34FC6AF74}.Debug|x64.Build.0 = Debug|x64
		{7B0932FE-8B22-4252-9B7C-3AD34FC6AF74}.Debug|x86.ActiveCfg = Debug|Win32
		{7B0932FE-8B22-4252-9B7C-3AD34FC6AF74}.Debug|x86.Build.0 = Debug|Win32
		{7B0932FE-8B22-4252-9B7C-3AD34FC6AF74}.Release|x64.ActiveCfg = Release|x64
		{7B0932FE-8B22-4252-9B7C-3AD34FC6AF74}.Release|x64.Build.0 = Release|x64
		{7B0932FE-8B22-4252-9B7C-3AD34FC6AF74}.Release|x86.ActiveCfg = Release|Win32
		{7B0932FE-8B22-4252-9B7C-3AD34FC6AF74}.Release|x86.Build.0 = Release|Win32
	EndGlobalSection
	GlobalSection(SolutionProperties) = preSolution
		HideSolutionNode = FALSE
	EndGlobalSection
	GlobalSection(ExtensibilityGlobals) = postSolution
		SolutionGuid = {F008356B-2FCE-4510-9EEC-3421D227B374}
	EndGlobalSection
EndGlobal
