
Microsoft Visual Studio Solution File, Format Version 12.00
# Visual Studio Version 17
VisualStudioVersion = 17.11.35303.130
MinimumVisualStudioVersion = 10.0.40219.1
Project("{8BC9CEB8-8B4A-11D0-8D11-00A0C91BC942}") = "실습1", "실습1\실습1.vcxproj", "{C8A64702-6193-48CA-BD8D-A1FC2C227D07}"
EndProject
Project("{8BC9CEB8-8B4A-11D0-8D11-00A0C91BC942}") = "실습2", "실습2\실습2.vcxproj", "{BC38780C-A8AA-4BDD-A3EA-44D9BCE8FD38}"
EndProject
Project("{8BC9CEB8-8B4A-11D0-8D11-00A0C91BC942}") = "실습3", "실습3\실습3.vcxproj", "{F9676983-9A52-4851-A645-C6A7A58176A4}"
EndProject
Project("{8BC9CEB8-8B4A-11D0-8D11-00A0C91BC942}") = "실습4", "실습4\실습4.vcxproj", "{500DB617-6343-4E6D-A2F3-9ACB633ACE5C}"
EndProject
Project("{8BC9CEB8-8B4A-11D0-8D11-00A0C91BC942}") = "실습5", "실습5\실습5.vcxproj", "{C46ECF48-76F3-4710-83A8-AE5ADDF6CA5C}"
EndProject
Project("{8BC9CEB8-8B4A-11D0-8D11-00A0C91BC942}") = "실습6", "실습6\실습6.vcxproj", "{AF56C333-D067-4E92-A702-EF3BB7C4A8F2}"
EndProject
Project("{8BC9CEB8-8B4A-11D0-8D11-00A0C91BC942}") = "실습7", "실습7\실습7.vcxproj", "{CEFD3100-50DA-433F-A172-A48C4C3ACEC4}"
EndProject
Project("{8BC9CEB8-8B4A-11D0-8D11-00A0C91BC942}") = "실습8", "실습8\실습8.vcxproj", "{38DF726B-858B-44E8-A26C-A3A2F48EAD93}"
EndProject
Project("{8BC9CEB8-8B4A-11D0-8D11-00A0C91BC942}") = "실습9", "실습9\실습9.vcxproj", "{4701E2C1-1CCE-4A4A-853E-8436A025B65E}"
EndProject
Project("{8BC9CEB8-8B4A-11D0-8D11-00A0C91BC942}") = "실습10", "실습10\실습10.vcxproj", "{BBD9FD66-EB66-4734-B8AC-E5CED2DA53DA}"
EndProject
Project("{8BC9CEB8-8B4A-11D0-8D11-00A0C91BC942}") = "실습11", "실습11\실습11.vcxproj", "{76A740BF-6CFF-490D-B981-4239C0872904}"
EndProject
Project("{8BC9CEB8-8B4A-11D0-8D11-00A0C91BC942}") = "실습12", "실습12\실습12.vcxproj", "{5205FBD9-4997-4DF1-828B-9C331C92739C}"
EndProject
Project("{8BC9CEB8-8B4A-11D0-8D11-00A0C91BC942}") = "실습13", "실습13\실습13.vcxproj", "{224A478A-63E5-462C-8894-083359244B9E}"
EndProject
Project("{8BC9CEB8-8B4A-11D0-8D11-00A0C91BC942}") = "실습 13(obj)", "실습 13(obj)\실습 13(obj).vcxproj", "{A4F3DCDD-5798-439E-A657-55FFEF2E58BC}"
EndProject
Project("{8BC9CEB8-8B4A-11D0-8D11-00A0C91BC942}") = "실습 14", "실습 14\실습 14.vcxproj", "{A436A845-E8A7-4362-829B-A2E40538F496}"
EndProject
Project("{8BC9CEB8-8B4A-11D0-8D11-00A0C91BC942}") = "실습 15", "실습 15\실습 15.vcxproj", "{9EB25BFA-EFAB-41AD-AEC5-90BBE059175A}"
EndProject
Project("{8BC9CEB8-8B4A-11D0-8D11-00A0C91BC942}") = "실습 16", "실습 16\실습 16.vcxproj", "{EE87F102-4BCD-4620-A882-36770BE540FB}"
EndProject
Project("{8BC9CEB8-8B4A-11D0-8D11-00A0C91BC942}") = "실습 17", "실습 17\실습 17.vcxproj", "{CC789BC9-B04E-4196-8EA1-08CFABC39313}"
EndProject
Project("{8BC9CEB8-8B4A-11D0-8D11-00A0C91BC942}") = "실습 18", "실습 18\실습 18.vcxproj", "{127C5193-4131-43AD-9192-045F13457E2C}"
EndProject
Project("{8BC9CEB8-8B4A-11D0-8D11-00A0C91BC942}") = "실습 19", "실습 19\실습 19.vcxproj", "{65792854-64AB-49F5-88A7-AB985D56396F}"
EndProject
Project("{8BC9CEB8-8B4A-11D0-8D11-00A0C91BC942}") = "실습 20", "실습 20\실습 20.vcxproj", "{8979E74B-0D51-4EC3-8E7A-9BB5C3E964B1}"
EndProject
Project("{8BC9CEB8-8B4A-11D0-8D11-00A0C91BC942}") = "실습 21", "실습 21\실습 21.vcxproj", "{83591D2F-5F4D-4E13-A88A-C0D8B3383777}"
EndProject
Project("{8BC9CEB8-8B4A-11D0-8D11-00A0C91BC942}") = "실습 22", "실습 22\실습 22.vcxproj", "{1AC79A21-8615-42FC-A495-84198930B749}"
EndProject
Project("{8BC9CEB8-8B4A-11D0-8D11-00A0C91BC942}") = "실습 23", "실습 23\실습 23.vcxproj", "{BED95845-BA01-4B8E-8C50-A29E5BB8C342}"
EndProject
Project("{8BC9CEB8-8B4A-11D0-8D11-00A0C91BC942}") = "실습 24", "실습 24\실습 24.vcxproj", "{3BD35C2E-D7DA-44FB-886F-36FAE3C8D908}"
EndProject
Project("{8BC9CEB8-8B4A-11D0-8D11-00A0C91BC942}") = "실습 25", "실습 25\실습 25.vcxproj", "{F29642A9-F2AC-4FA3-A2E5-CDC1EE7C35C4}"
EndProject
Project("{8BC9CEB8-8B4A-11D0-8D11-00A0C91BC942}") = "실습 26", "실습 26\실습 26.vcxproj", "{01E25BEB-1DE7-4FAB-882F-17DB9C6D673C}"
EndProject
Project("{8BC9CEB8-8B4A-11D0-8D11-00A0C91BC942}") = "실습 27", "실습 27\실습 27.vcxproj", "{909D2D05-EE44-468E-B199-177BAF8FB024}"
EndProject
Global
	GlobalSection(SolutionConfigurationPlatforms) = preSolution
		Debug|x64 = Debug|x64
		Debug|x86 = Debug|x86
		Release|x64 = Release|x64
		Release|x86 = Release|x86
	EndGlobalSection
	GlobalSection(ProjectConfigurationPlatforms) = postSolution
		{C8A64702-6193-48CA-BD8D-A1FC2C227D07}.Debug|x64.ActiveCfg = Debug|x64
		{C8A64702-6193-48CA-BD8D-A1FC2C227D07}.Debug|x64.Build.0 = Debug|x64
		{C8A64702-6193-48CA-BD8D-A1FC2C227D07}.Debug|x86.ActiveCfg = Debug|Win32
		{C8A64702-6193-48CA-BD8D-A1FC2C227D07}.Debug|x86.Build.0 = Debug|Win32
		{C8A64702-6193-48CA-BD8D-A1FC2C227D07}.Release|x64.ActiveCfg = Release|x64
		{C8A64702-6193-48CA-BD8D-A1FC2C227D07}.Release|x64.Build.0 = Release|x64
		{C8A64702-6193-48CA-BD8D-A1FC2C227D07}.Release|x86.ActiveCfg = Release|Win32
		{C8A64702-6193-48CA-BD8D-A1FC2C227D07}.Release|x86.Build.0 = Release|Win32
		{BC38780C-A8AA-4BDD-A3EA-44D9BCE8FD38}.Debug|x64.ActiveCfg = Debug|x64
		{BC38780C-A8AA-4BDD-A3EA-44D9BCE8FD38}.Debug|x64.Build.0 = Debug|x64
		{BC38780C-A8AA-4BDD-A3EA-44D9BCE8FD38}.Debug|x86.ActiveCfg = Debug|Win32
		{BC38780C-A8AA-4BDD-A3EA-44D9BCE8FD38}.Debug|x86.Build.0 = Debug|Win32
		{BC38780C-A8AA-4BDD-A3EA-44D9BCE8FD38}.Release|x64.ActiveCfg = Release|x64
		{BC38780C-A8AA-4BDD-A3EA-44D9BCE8FD38}.Release|x64.Build.0 = Release|x64
		{BC38780C-A8AA-4BDD-A3EA-44D9BCE8FD38}.Release|x86.ActiveCfg = Release|Win32
		{BC38780C-A8AA-4BDD-A3EA-44D9BCE8FD38}.Release|x86.Build.0 = Release|Win32
		{F9676983-9A52-4851-A645-C6A7A58176A4}.Debug|x64.ActiveCfg = Debug|x64
		{F9676983-9A52-4851-A645-C6A7A58176A4}.Debug|x64.Build.0 = Debug|x64
		{F9676983-9A52-4851-A645-C6A7A58176A4}.Debug|x86.ActiveCfg = Debug|Win32
		{F9676983-9A52-4851-A645-C6A7A58176A4}.Debug|x86.Build.0 = Debug|Win32
		{F9676983-9A52-4851-A645-C6A7A58176A4}.Release|x64.ActiveCfg = Release|x64
		{F9676983-9A52-4851-A645-C6A7A58176A4}.Release|x64.Build.0 = Release|x64
		{F9676983-9A52-4851-A645-C6A7A58176A4}.Release|x86.ActiveCfg = Release|Win32
		{F9676983-9A52-4851-A645-C6A7A58176A4}.Release|x86.Build.0 = Release|Win32
		{500DB617-6343-4E6D-A2F3-9ACB633ACE5C}.Debug|x64.ActiveCfg = Debug|x64
		{500DB617-6343-4E6D-A2F3-9ACB633ACE5C}.Debug|x64.Build.0 = Debug|x64
		{500DB617-6343-4E6D-A2F3-9ACB633ACE5C}.Debug|x86.ActiveCfg = Debug|Win32
		{500DB617-6343-4E6D-A2F3-9ACB633ACE5C}.Debug|x86.Build.0 = Debug|Win32
		{500DB617-6343-4E6D-A2F3-9ACB633ACE5C}.Release|x64.ActiveCfg = Release|x64
		{500DB617-6343-4E6D-A2F3-9ACB633ACE5C}.Release|x64.Build.0 = Release|x64
		{500DB617-6343-4E6D-A2F3-9ACB633ACE5C}.Release|x86.ActiveCfg = Release|Win32
		{500DB617-6343-4E6D-A2F3-9ACB633ACE5C}.Release|x86.Build.0 = Release|Win32
		{C46ECF48-76F3-4710-83A8-AE5ADDF6CA5C}.Debug|x64.ActiveCfg = Debug|x64
		{C46ECF48-76F3-4710-83A8-AE5ADDF6CA5C}.Debug|x64.Build.0 = Debug|x64
		{C46ECF48-76F3-4710-83A8-AE5ADDF6CA5C}.Debug|x86.ActiveCfg = Debug|Win32
		{C46ECF48-76F3-4710-83A8-AE5ADDF6CA5C}.Debug|x86.Build.0 = Debug|Win32
		{C46ECF48-76F3-4710-83A8-AE5ADDF6CA5C}.Release|x64.ActiveCfg = Release|x64
		{C46ECF48-76F3-4710-83A8-AE5ADDF6CA5C}.Release|x64.Build.0 = Release|x64
		{C46ECF48-76F3-4710-83A8-AE5ADDF6CA5C}.Release|x86.ActiveCfg = Release|Win32
		{C46ECF48-76F3-4710-83A8-AE5ADDF6CA5C}.Release|x86.Build.0 = Release|Win32
		{AF56C333-D067-4E92-A702-EF3BB7C4A8F2}.Debug|x64.ActiveCfg = Debug|x64
		{AF56C333-D067-4E92-A702-EF3BB7C4A8F2}.Debug|x64.Build.0 = Debug|x64
		{AF56C333-D067-4E92-A702-EF3BB7C4A8F2}.Debug|x86.ActiveCfg = Debug|Win32
		{AF56C333-D067-4E92-A702-EF3BB7C4A8F2}.Debug|x86.Build.0 = Debug|Win32
		{AF56C333-D067-4E92-A702-EF3BB7C4A8F2}.Release|x64.ActiveCfg = Release|x64
		{AF56C333-D067-4E92-A702-EF3BB7C4A8F2}.Release|x64.Build.0 = Release|x64
		{AF56C333-D067-4E92-A702-EF3BB7C4A8F2}.Release|x86.ActiveCfg = Release|Win32
		{AF56C333-D067-4E92-A702-EF3BB7C4A8F2}.Release|x86.Build.0 = Release|Win32
		{CEFD3100-50DA-433F-A172-A48C4C3ACEC4}.Debug|x64.ActiveCfg = Debug|x64
		{CEFD3100-50DA-433F-A172-A48C4C3ACEC4}.Debug|x64.Build.0 = Debug|x64
		{CEFD3100-50DA-433F-A172-A48C4C3ACEC4}.Debug|x86.ActiveCfg = Debug|Win32
		{CEFD3100-50DA-433F-A172-A48C4C3ACEC4}.Debug|x86.Build.0 = Debug|Win32
		{CEFD3100-50DA-433F-A172-A48C4C3ACEC4}.Release|x64.ActiveCfg = Release|x64
		{CEFD3100-50DA-433F-A172-A48C4C3ACEC4}.Release|x64.Build.0 = Release|x64
		{CEFD3100-50DA-433F-A172-A48C4C3ACEC4}.Release|x86.ActiveCfg = Release|Win32
		{CEFD3100-50DA-433F-A172-A48C4C3ACEC4}.Release|x86.Build.0 = Release|Win32
		{38DF726B-858B-44E8-A26C-A3A2F48EAD93}.Debug|x64.ActiveCfg = Debug|x64
		{38DF726B-858B-44E8-A26C-A3A2F48EAD93}.Debug|x64.Build.0 = Debug|x64
		{38DF726B-858B-44E8-A26C-A3A2F48EAD93}.Debug|x86.ActiveCfg = Debug|Win32
		{38DF726B-858B-44E8-A26C-A3A2F48EAD93}.Debug|x86.Build.0 = Debug|Win32
		{38DF726B-858B-44E8-A26C-A3A2F48EAD93}.Release|x64.ActiveCfg = Release|x64
		{38DF726B-858B-44E8-A26C-A3A2F48EAD93}.Release|x64.Build.0 = Release|x64
		{38DF726B-858B-44E8-A26C-A3A2F48EAD93}.Release|x86.ActiveCfg = Release|Win32
		{38DF726B-858B-44E8-A26C-A3A2F48EAD93}.Release|x86.Build.0 = Release|Win32
		{4701E2C1-1CCE-4A4A-853E-8436A025B65E}.Debug|x64.ActiveCfg = Debug|x64
		{4701E2C1-1CCE-4A4A-853E-8436A025B65E}.Debug|x64.Build.0 = Debug|x64
		{4701E2C1-1CCE-4A4A-853E-8436A025B65E}.Debug|x86.ActiveCfg = Debug|Win32
		{4701E2C1-1CCE-4A4A-853E-8436A025B65E}.Debug|x86.Build.0 = Debug|Win32
		{4701E2C1-1CCE-4A4A-853E-8436A025B65E}.Release|x64.ActiveCfg = Release|x64
		{4701E2C1-1CCE-4A4A-853E-8436A025B65E}.Release|x64.Build.0 = Release|x64
		{4701E2C1-1CCE-4A4A-853E-8436A025B65E}.Release|x86.ActiveCfg = Release|Win32
		{4701E2C1-1CCE-4A4A-853E-8436A025B65E}.Release|x86.Build.0 = Release|Win32
		{BBD9FD66-EB66-4734-B8AC-E5CED2DA53DA}.Debug|x64.ActiveCfg = Debug|x64
		{BBD9FD66-EB66-4734-B8AC-E5CED2DA53DA}.Debug|x64.Build.0 = Debug|x64
		{BBD9FD66-EB66-4734-B8AC-E5CED2DA53DA}.Debug|x86.ActiveCfg = Debug|Win32
		{BBD9FD66-EB66-4734-B8AC-E5CED2DA53DA}.Debug|x86.Build.0 = Debug|Win32
		{BBD9FD66-EB66-4734-B8AC-E5CED2DA53DA}.Release|x64.ActiveCfg = Release|x64
		{BBD9FD66-EB66-4734-B8AC-E5CED2DA53DA}.Release|x64.Build.0 = Release|x64
		{BBD9FD66-EB66-4734-B8AC-E5CED2DA53DA}.Release|x86.ActiveCfg = Release|Win32
		{BBD9FD66-EB66-4734-B8AC-E5CED2DA53DA}.Release|x86.Build.0 = Release|Win32
		{76A740BF-6CFF-490D-B981-4239C0872904}.Debug|x64.ActiveCfg = Debug|x64
		{76A740BF-6CFF-490D-B981-4239C0872904}.Debug|x64.Build.0 = Debug|x64
		{76A740BF-6CFF-490D-B981-4239C0872904}.Debug|x86.ActiveCfg = Debug|Win32
		{76A740BF-6CFF-490D-B981-4239C0872904}.Debug|x86.Build.0 = Debug|Win32
		{76A740BF-6CFF-490D-B981-4239C0872904}.Release|x64.ActiveCfg = Release|x64
		{76A740BF-6CFF-490D-B981-4239C0872904}.Release|x64.Build.0 = Release|x64
		{76A740BF-6CFF-490D-B981-4239C0872904}.Release|x86.ActiveCfg = Release|Win32
		{76A740BF-6CFF-490D-B981-4239C0872904}.Release|x86.Build.0 = Release|Win32
		{5205FBD9-4997-4DF1-828B-9C331C92739C}.Debug|x64.ActiveCfg = Debug|x64
		{5205FBD9-4997-4DF1-828B-9C331C92739C}.Debug|x64.Build.0 = Debug|x64
		{5205FBD9-4997-4DF1-828B-9C331C92739C}.Debug|x86.ActiveCfg = Debug|Win32
		{5205FBD9-4997-4DF1-828B-9C331C92739C}.Debug|x86.Build.0 = Debug|Win32
		{5205FBD9-4997-4DF1-828B-9C331C92739C}.Release|x64.ActiveCfg = Release|x64
		{5205FBD9-4997-4DF1-828B-9C331C92739C}.Release|x64.Build.0 = Release|x64
		{5205FBD9-4997-4DF1-828B-9C331C92739C}.Release|x86.ActiveCfg = Release|Win32
		{5205FBD9-4997-4DF1-828B-9C331C92739C}.Release|x86.Build.0 = Release|Win32
		{224A478A-63E5-462C-8894-083359244B9E}.Debug|x64.ActiveCfg = Debug|x64
		{224A478A-63E5-462C-8894-083359244B9E}.Debug|x64.Build.0 = Debug|x64
		{224A478A-63E5-462C-8894-083359244B9E}.Debug|x86.ActiveCfg = Debug|Win32
		{224A478A-63E5-462C-8894-083359244B9E}.Debug|x86.Build.0 = Debug|Win32
		{224A478A-63E5-462C-8894-083359244B9E}.Release|x64.ActiveCfg = Release|x64
		{224A478A-63E5-462C-8894-083359244B9E}.Release|x64.Build.0 = Release|x64
		{224A478A-63E5-462C-8894-083359244B9E}.Release|x86.ActiveCfg = Release|Win32
		{224A478A-63E5-462C-8894-083359244B9E}.Release|x86.Build.0 = Release|Win32
		{A4F3DCDD-5798-439E-A657-55FFEF2E58BC}.Debug|x64.ActiveCfg = Debug|x64
		{A4F3DCDD-5798-439E-A657-55FFEF2E58BC}.Debug|x64.Build.0 = Debug|x64
		{A4F3DCDD-5798-439E-A657-55FFEF2E58BC}.Debug|x86.ActiveCfg = Debug|Win32
		{A4F3DCDD-5798-439E-A657-55FFEF2E58BC}.Debug|x86.Build.0 = Debug|Win32
		{A4F3DCDD-5798-439E-A657-55FFEF2E58BC}.Release|x64.ActiveCfg = Release|x64
		{A4F3DCDD-5798-439E-A657-55FFEF2E58BC}.Release|x64.Build.0 = Release|x64
		{A4F3DCDD-5798-439E-A657-55FFEF2E58BC}.Release|x86.ActiveCfg = Release|Win32
		{A4F3DCDD-5798-439E-A657-55FFEF2E58BC}.Release|x86.Build.0 = Release|Win32
		{A436A845-E8A7-4362-829B-A2E40538F496}.Debug|x64.ActiveCfg = Debug|x64
		{A436A845-E8A7-4362-829B-A2E40538F496}.Debug|x64.Build.0 = Debug|x64
		{A436A845-E8A7-4362-829B-A2E40538F496}.Debug|x86.ActiveCfg = Debug|Win32
		{A436A845-E8A7-4362-829B-A2E40538F496}.Debug|x86.Build.0 = Debug|Win32
		{A436A845-E8A7-4362-829B-A2E40538F496}.Release|x64.ActiveCfg = Release|x64
		{A436A845-E8A7-4362-829B-A2E40538F496}.Release|x64.Build.0 = Release|x64
		{A436A845-E8A7-4362-829B-A2E40538F496}.Release|x86.ActiveCfg = Release|Win32
		{A436A845-E8A7-4362-829B-A2E40538F496}.Release|x86.Build.0 = Release|Win32
		{9EB25BFA-EFAB-41AD-AEC5-90BBE059175A}.Debug|x64.ActiveCfg = Debug|x64
		{9EB25BFA-EFAB-41AD-AEC5-90BBE059175A}.Debug|x64.Build.0 = Debug|x64
		{9EB25BFA-EFAB-41AD-AEC5-90BBE059175A}.Debug|x86.ActiveCfg = Debug|Win32
		{9EB25BFA-EFAB-41AD-AEC5-90BBE059175A}.Debug|x86.Build.0 = Debug|Win32
		{9EB25BFA-EFAB-41AD-AEC5-90BBE059175A}.Release|x64.ActiveCfg = Release|x64
		{9EB25BFA-EFAB-41AD-AEC5-90BBE059175A}.Release|x64.Build.0 = Release|x64
		{9EB25BFA-EFAB-41AD-AEC5-90BBE059175A}.Release|x86.ActiveCfg = Release|Win32
		{9EB25BFA-EFAB-41AD-AEC5-90BBE059175A}.Release|x86.Build.0 = Release|Win32
		{EE87F102-4BCD-4620-A882-36770BE540FB}.Debug|x64.ActiveCfg = Debug|x64
		{EE87F102-4BCD-4620-A882-36770BE540FB}.Debug|x64.Build.0 = Debug|x64
		{EE87F102-4BCD-4620-A882-36770BE540FB}.Debug|x86.ActiveCfg = Debug|Win32
		{EE87F102-4BCD-4620-A882-36770BE540FB}.Debug|x86.Build.0 = Debug|Win32
		{EE87F102-4BCD-4620-A882-36770BE540FB}.Release|x64.ActiveCfg = Release|x64
		{EE87F102-4BCD-4620-A882-36770BE540FB}.Release|x64.Build.0 = Release|x64
		{EE87F102-4BCD-4620-A882-36770BE540FB}.Release|x86.ActiveCfg = Release|Win32
		{EE87F102-4BCD-4620-A882-36770BE540FB}.Release|x86.Build.0 = Release|Win32
		{CC789BC9-B04E-4196-8EA1-08CFABC39313}.Debug|x64.ActiveCfg = Debug|x64
		{CC789BC9-B04E-4196-8EA1-08CFABC39313}.Debug|x64.Build.0 = Debug|x64
		{CC789BC9-B04E-4196-8EA1-08CFABC39313}.Debug|x86.ActiveCfg = Debug|Win32
		{CC789BC9-B04E-4196-8EA1-08CFABC39313}.Debug|x86.Build.0 = Debug|Win32
		{CC789BC9-B04E-4196-8EA1-08CFABC39313}.Release|x64.ActiveCfg = Release|x64
		{CC789BC9-B04E-4196-8EA1-08CFABC39313}.Release|x64.Build.0 = Release|x64
		{CC789BC9-B04E-4196-8EA1-08CFABC39313}.Release|x86.ActiveCfg = Release|Win32
		{CC789BC9-B04E-4196-8EA1-08CFABC39313}.Release|x86.Build.0 = Release|Win32
		{127C5193-4131-43AD-9192-045F13457E2C}.Debug|x64.ActiveCfg = Debug|x64
		{127C5193-4131-43AD-9192-045F13457E2C}.Debug|x64.Build.0 = Debug|x64
		{127C5193-4131-43AD-9192-045F13457E2C}.Debug|x86.ActiveCfg = Debug|Win32
		{127C5193-4131-43AD-9192-045F13457E2C}.Debug|x86.Build.0 = Debug|Win32
		{127C5193-4131-43AD-9192-045F13457E2C}.Release|x64.ActiveCfg = Release|x64
		{127C5193-4131-43AD-9192-045F13457E2C}.Release|x64.Build.0 = Release|x64
		{127C5193-4131-43AD-9192-045F13457E2C}.Release|x86.ActiveCfg = Release|Win32
		{127C5193-4131-43AD-9192-045F13457E2C}.Release|x86.Build.0 = Release|Win32
		{65792854-64AB-49F5-88A7-AB985D56396F}.Debug|x64.ActiveCfg = Debug|x64
		{65792854-64AB-49F5-88A7-AB985D56396F}.Debug|x64.Build.0 = Debug|x64
		{65792854-64AB-49F5-88A7-AB985D56396F}.Debug|x86.ActiveCfg = Debug|Win32
		{65792854-64AB-49F5-88A7-AB985D56396F}.Debug|x86.Build.0 = Debug|Win32
		{65792854-64AB-49F5-88A7-AB985D56396F}.Release|x64.ActiveCfg = Release|x64
		{65792854-64AB-49F5-88A7-AB985D56396F}.Release|x64.Build.0 = Release|x64
		{65792854-64AB-49F5-88A7-AB985D56396F}.Release|x86.ActiveCfg = Release|Win32
		{65792854-64AB-49F5-88A7-AB985D56396F}.Release|x86.Build.0 = Release|Win32
		{8979E74B-0D51-4EC3-8E7A-9BB5C3E964B1}.Debug|x64.ActiveCfg = Debug|x64
		{8979E74B-0D51-4EC3-8E7A-9BB5C3E964B1}.Debug|x64.Build.0 = Debug|x64
		{8979E74B-0D51-4EC3-8E7A-9BB5C3E964B1}.Debug|x86.ActiveCfg = Debug|Win32
		{8979E74B-0D51-4EC3-8E7A-9BB5C3E964B1}.Debug|x86.Build.0 = Debug|Win32
		{8979E74B-0D51-4EC3-8E7A-9BB5C3E964B1}.Release|x64.ActiveCfg = Release|x64
		{8979E74B-0D51-4EC3-8E7A-9BB5C3E964B1}.Release|x64.Build.0 = Release|x64
		{8979E74B-0D51-4EC3-8E7A-9BB5C3E964B1}.Release|x86.ActiveCfg = Release|Win32
		{8979E74B-0D51-4EC3-8E7A-9BB5C3E964B1}.Release|x86.Build.0 = Release|Win32
		{83591D2F-5F4D-4E13-A88A-C0D8B3383777}.Debug|x64.ActiveCfg = Debug|x64
		{83591D2F-5F4D-4E13-A88A-C0D8B3383777}.Debug|x64.Build.0 = Debug|x64
		{83591D2F-5F4D-4E13-A88A-C0D8B3383777}.Debug|x86.ActiveCfg = Debug|Win32
		{83591D2F-5F4D-4E13-A88A-C0D8B3383777}.Debug|x86.Build.0 = Debug|Win32
		{83591D2F-5F4D-4E13-A88A-C0D8B3383777}.Release|x64.ActiveCfg = Release|x64
		{83591D2F-5F4D-4E13-A88A-C0D8B3383777}.Release|x64.Build.0 = Release|x64
		{83591D2F-5F4D-4E13-A88A-C0D8B3383777}.Release|x86.ActiveCfg = Release|Win32
		{83591D2F-5F4D-4E13-A88A-C0D8B3383777}.Release|x86.Build.0 = Release|Win32
		{1AC79A21-8615-42FC-A495-84198930B749}.Debug|x64.ActiveCfg = Debug|x64
		{1AC79A21-8615-42FC-A495-84198930B749}.Debug|x64.Build.0 = Debug|x64
		{1AC79A21-8615-42FC-A495-84198930B749}.Debug|x86.ActiveCfg = Debug|Win32
		{1AC79A21-8615-42FC-A495-84198930B749}.Debug|x86.Build.0 = Debug|Win32
		{1AC79A21-8615-42FC-A495-84198930B749}.Release|x64.ActiveCfg = Release|x64
		{1AC79A21-8615-42FC-A495-84198930B749}.Release|x64.Build.0 = Release|x64
		{1AC79A21-8615-42FC-A495-84198930B749}.Release|x86.ActiveCfg = Release|Win32
		{1AC79A21-8615-42FC-A495-84198930B749}.Release|x86.Build.0 = Release|Win32
		{BED95845-BA01-4B8E-8C50-A29E5BB8C342}.Debug|x64.ActiveCfg = Debug|x64
		{BED95845-BA01-4B8E-8C50-A29E5BB8C342}.Debug|x64.Build.0 = Debug|x64
		{BED95845-BA01-4B8E-8C50-A29E5BB8C342}.Debug|x86.ActiveCfg = Debug|Win32
		{BED95845-BA01-4B8E-8C50-A29E5BB8C342}.Debug|x86.Build.0 = Debug|Win32
		{BED95845-BA01-4B8E-8C50-A29E5BB8C342}.Release|x64.ActiveCfg = Release|x64
		{BED95845-BA01-4B8E-8C50-A29E5BB8C342}.Release|x64.Build.0 = Release|x64
		{BED95845-BA01-4B8E-8C50-A29E5BB8C342}.Release|x86.ActiveCfg = Release|Win32
		{BED95845-BA01-4B8E-8C50-A29E5BB8C342}.Release|x86.Build.0 = Release|Win32
		{3BD35C2E-D7DA-44FB-886F-36FAE3C8D908}.Debug|x64.ActiveCfg = Debug|x64
		{3BD35C2E-D7DA-44FB-886F-36FAE3C8D908}.Debug|x64.Build.0 = Debug|x64
		{3BD35C2E-D7DA-44FB-886F-36FAE3C8D908}.Debug|x86.ActiveCfg = Debug|Win32
		{3BD35C2E-D7DA-44FB-886F-36FAE3C8D908}.Debug|x86.Build.0 = Debug|Win32
		{3BD35C2E-D7DA-44FB-886F-36FAE3C8D908}.Release|x64.ActiveCfg = Release|x64
		{3BD35C2E-D7DA-44FB-886F-36FAE3C8D908}.Release|x64.Build.0 = Release|x64
		{3BD35C2E-D7DA-44FB-886F-36FAE3C8D908}.Release|x86.ActiveCfg = Release|Win32
		{3BD35C2E-D7DA-44FB-886F-36FAE3C8D908}.Release|x86.Build.0 = Release|Win32
		{F29642A9-F2AC-4FA3-A2E5-CDC1EE7C35C4}.Debug|x64.ActiveCfg = Debug|x64
		{F29642A9-F2AC-4FA3-A2E5-CDC1EE7C35C4}.Debug|x64.Build.0 = Debug|x64
		{F29642A9-F2AC-4FA3-A2E5-CDC1EE7C35C4}.Debug|x86.ActiveCfg = Debug|Win32
		{F29642A9-F2AC-4FA3-A2E5-CDC1EE7C35C4}.Debug|x86.Build.0 = Debug|Win32
		{F29642A9-F2AC-4FA3-A2E5-CDC1EE7C35C4}.Release|x64.ActiveCfg = Release|x64
		{F29642A9-F2AC-4FA3-A2E5-CDC1EE7C35C4}.Release|x64.Build.0 = Release|x64
		{F29642A9-F2AC-4FA3-A2E5-CDC1EE7C35C4}.Release|x86.ActiveCfg = Release|Win32
		{F29642A9-F2AC-4FA3-A2E5-CDC1EE7C35C4}.Release|x86.Build.0 = Release|Win32
		{01E25BEB-1DE7-4FAB-882F-17DB9C6D673C}.Debug|x64.ActiveCfg = Debug|x64
		{01E25BEB-1DE7-4FAB-882F-17DB9C6D673C}.Debug|x64.Build.0 = Debug|x64
		{01E25BEB-1DE7-4FAB-882F-17DB9C6D673C}.Debug|x86.ActiveCfg = Debug|Win32
		{01E25BEB-1DE7-4FAB-882F-17DB9C6D673C}.Debug|x86.Build.0 = Debug|Win32
		{01E25BEB-1DE7-4FAB-882F-17DB9C6D673C}.Release|x64.ActiveCfg = Release|x64
		{01E25BEB-1DE7-4FAB-882F-17DB9C6D673C}.Release|x64.Build.0 = Release|x64
		{01E25BEB-1DE7-4FAB-882F-17DB9C6D673C}.Release|x86.ActiveCfg = Release|Win32
		{01E25BEB-1DE7-4FAB-882F-17DB9C6D673C}.Release|x86.Build.0 = Release|Win32
		{909D2D05-EE44-468E-B199-177BAF8FB024}.Debug|x64.ActiveCfg = Debug|x64
		{909D2D05-EE44-468E-B199-177BAF8FB024}.Debug|x64.Build.0 = Debug|x64
		{909D2D05-EE44-468E-B199-177BAF8FB024}.Debug|x86.ActiveCfg = Debug|Win32
		{909D2D05-EE44-468E-B199-177BAF8FB024}.Debug|x86.Build.0 = Debug|Win32
		{909D2D05-EE44-468E-B199-177BAF8FB024}.Release|x64.ActiveCfg = Release|x64
		{909D2D05-EE44-468E-B199-177BAF8FB024}.Release|x64.Build.0 = Release|x64
		{909D2D05-EE44-468E-B199-177BAF8FB024}.Release|x86.ActiveCfg = Release|Win32
		{909D2D05-EE44-468E-B199-177BAF8FB024}.Release|x86.Build.0 = Release|Win32
	EndGlobalSection
	GlobalSection(SolutionProperties) = preSolution
		HideSolutionNode = FALSE
	EndGlobalSection
	GlobalSection(ExtensibilityGlobals) = postSolution
		SolutionGuid = {45AF3F95-EC04-4158-BEC5-C15386D54783}
	EndGlobalSection
EndGlobal
